Microsoft Visual Studio Solution File, Format Version 12.00
# Visual Studio Version 17
VisualStudioVersion = 17.5.2.0
MinimumVisualStudioVersion = 10.0.40219.1
Project("{FAE04EC0-301F-11D3-BF4B-00C04F79EFBC}") = "windows_client", "windows_client.csproj", "{B49BCAAF-0C24-924C-2A11-38F2E66F6BDE}"
EndProject
Global
	GlobalSection(SolutionConfigurationPlatforms) = preSolution
		Debug|Any CPU = Debug|Any CPU
		Release|Any CPU = Release|Any CPU
	EndGlobalSection
	GlobalSection(ProjectConfigurationPlatforms) = postSolution
		{B49BCAAF-0C24-924C-2A11-38F2E66F6BDE}.Debug|Any CPU.ActiveCfg = Debug|Any CPU
		{B49BCAAF-0C24-924C-2A11-38F2E66F6BDE}.Debug|Any CPU.Build.0 = Debug|Any CPU
		{B49BCAAF-0C24-924C-2A11-38F2E66F6BDE}.Release|Any CPU.ActiveCfg = Release|Any CPU
		{B49BCAAF-0C24-924C-2A11-38F2E66F6BDE}.Release|Any CPU.Build.0 = Release|Any CPU
	EndGlobalSection
	GlobalSection(SolutionProperties) = preSolution
		HideSolutionNode = FALSE
	EndGlobalSection
	GlobalSection(ExtensibilityGlobals) = postSolution
		SolutionGuid = {C26F98A8-11F2-4FD5-8ADB-9EB041A476E8}
	EndGlobalSection
EndGlobal
